
Microsoft Visual Studio Solution File, Format Version 12.00
# Visual Studio Version 16
VisualStudioVersion = 25.0.1700.0
MinimumVisualStudioVersion = 10.0.40219.1
Project("{FAE04EC0-301F-11D3-BF4B-00C04F79EFBC}") = "SamuraiApp.UI", "SamuraiApp\SamuraiApp.UI.csproj", "{7FB678FF-B571-467D-8AC2-8B31A77B1578}"
EndProject
Project("{FAE04EC0-301F-11D3-BF4B-00C04F79EFBC}") = "SamuraiApp.Domain", "SamuraiApp.Domain\SamuraiApp.Domain.csproj", "{64F1EBA9-CC56-460D-A998-50F88E7A0424}"
EndProject
Project("{FAE04EC0-301F-11D3-BF4B-00C04F79EFBC}") = "SamuraiApp.Data", "SamuraiApp.Data\SamuraiApp.Data.csproj", "{535AA9A9-02A8-4501-BCB6-9E08FF903849}"
EndProject
Global
	GlobalSection(SolutionConfigurationPlatforms) = preSolution
		Debug|Any CPU = Debug|Any CPU
		Release|Any CPU = Release|Any CPU
	EndGlobalSection
	GlobalSection(ProjectConfigurationPlatforms) = postSolution
		{7FB678FF-B571-467D-8AC2-8B31A77B1578}.Debug|Any CPU.ActiveCfg = Debug|Any CPU
		{7FB678FF-B571-467D-8AC2-8B31A77B1578}.Debug|Any CPU.Build.0 = Debug|Any CPU
		{7FB678FF-B571-467D-8AC2-8B31A77B1578}.Release|Any CPU.ActiveCfg = Release|Any CPU
		{7FB678FF-B571-467D-8AC2-8B31A77B1578}.Release|Any CPU.Build.0 = Release|Any CPU
		{64F1EBA9-CC56-460D-A998-50F88E7A0424}.Debug|Any CPU.ActiveCfg = Debug|Any CPU
		{64F1EBA9-CC56-460D-A998-50F88E7A0424}.Debug|Any CPU.Build.0 = Debug|Any CPU
		{64F1EBA9-CC56-460D-A998-50F88E7A0424}.Release|Any CPU.ActiveCfg = Release|Any CPU
		{64F1EBA9-CC56-460D-A998-50F88E7A0424}.Release|Any CPU.Build.0 = Release|Any CPU
		{535AA9A9-02A8-4501-BCB6-9E08FF903849}.Debug|Any CPU.ActiveCfg = Debug|Any CPU
		{535AA9A9-02A8-4501-BCB6-9E08FF903849}.Debug|Any CPU.Build.0 = Debug|Any CPU
		{535AA9A9-02A8-4501-BCB6-9E08FF903849}.Release|Any CPU.ActiveCfg = Release|Any CPU
		{535AA9A9-02A8-4501-BCB6-9E08FF903849}.Release|Any CPU.Build.0 = Release|Any CPU
	EndGlobalSection
	GlobalSection(SolutionProperties) = preSolution
		HideSolutionNode = FALSE
	EndGlobalSection
	GlobalSection(ExtensibilityGlobals) = postSolution
		SolutionGuid = {0942A375-BA58-4626-BF19-18AB7D5F2750}
	EndGlobalSection
EndGlobal
